// !$*UTF8*$!
{
	archiveVersion = 1;
	classes = {
	};
	objectVersion = 46;
	objects = {

/* Begin PBXBuildFile section */
		D3142C2B1F45D12F0055D46F /* Hypermutation.swift in Sources */ = {isa = PBXBuildFile; fileRef = D3142C2A1F45D12F0055D46F /* Hypermutation.swift */; };
		D3325F351F13C9B00025555D /* RunnableFactory.swift in Sources */ = {isa = PBXBuildFile; fileRef = D3325F341F13C9B00025555D /* RunnableFactory.swift */; };
		D334E8BD1EFD3FF5002DF760 /* CryptoSwift.framework in Frameworks */ = {isa = PBXBuildFile; fileRef = D334E8BC1EFD3EE9002DF760 /* CryptoSwift.framework */; };
		D334E8BF1EFD5115002DF760 /* Mutation.swift in Sources */ = {isa = PBXBuildFile; fileRef = D334E8BE1EFD5115002DF760 /* Mutation.swift */; };
		D334E8C11EFD519E002DF760 /* SurvivorSelection.swift in Sources */ = {isa = PBXBuildFile; fileRef = D334E8C01EFD519E002DF760 /* SurvivorSelection.swift */; };
		D33DF8261F650DAA00B55570 /* Statistics.swift in Sources */ = {isa = PBXBuildFile; fileRef = D33DF8251F650DAA00B55570 /* Statistics.swift */; };
		D34A73041EB9CF6100FBE2F7 /* FactoryState.swift in Sources */ = {isa = PBXBuildFile; fileRef = D34A73031EB9CF6100FBE2F7 /* FactoryState.swift */; };
		D37AF1B91F7FCDD6000C7681 /* Bitstring.swift in Sources */ = {isa = PBXBuildFile; fileRef = D37AF1B81F7FCDD6000C7681 /* Bitstring.swift */; };
		D37AF1BB1F7FCDE2000C7681 /* Bit.swift in Sources */ = {isa = PBXBuildFile; fileRef = D37AF1BA1F7FCDE2000C7681 /* Bit.swift */; };
		D39734281EB1E6D300DAAC8A /* AppDelegate.swift in Sources */ = {isa = PBXBuildFile; fileRef = D39734271EB1E6D300DAAC8A /* AppDelegate.swift */; };
		D397342A1EB1E6D300DAAC8A /* ViewController.swift in Sources */ = {isa = PBXBuildFile; fileRef = D39734291EB1E6D300DAAC8A /* ViewController.swift */; };
		D397342D1EB1E6D300DAAC8A /* Bachelor_Project_Mac.xcdatamodeld in Sources */ = {isa = PBXBuildFile; fileRef = D397342B1EB1E6D300DAAC8A /* Bachelor_Project_Mac.xcdatamodeld */; };
		D397342F1EB1E6D300DAAC8A /* Assets.xcassets in Resources */ = {isa = PBXBuildFile; fileRef = D397342E1EB1E6D300DAAC8A /* Assets.xcassets */; };
		D39734321EB1E6D400DAAC8A /* Main.storyboard in Resources */ = {isa = PBXBuildFile; fileRef = D39734301EB1E6D400DAAC8A /* Main.storyboard */; };
		D397343D1EB1E6D400DAAC8A /* PerformanceTests.swift in Sources */ = {isa = PBXBuildFile; fileRef = D397343C1EB1E6D400DAAC8A /* PerformanceTests.swift */; };
		D39734481EB1E6D400DAAC8A /* Bachelor_Project_MacUITests.swift in Sources */ = {isa = PBXBuildFile; fileRef = D39734471EB1E6D400DAAC8A /* Bachelor_Project_MacUITests.swift */; };
		D39734581EB1EEFF00DAAC8A /* Extensions.swift in Sources */ = {isa = PBXBuildFile; fileRef = D39734571EB1EEFF00DAAC8A /* Extensions.swift */; };
		D397345B1EB1EF2E00DAAC8A /* Product.swift in Sources */ = {isa = PBXBuildFile; fileRef = D397345A1EB1EF2E00DAAC8A /* Product.swift */; };
		D397345D1EB1EF4100DAAC8A /* Robot.swift in Sources */ = {isa = PBXBuildFile; fileRef = D397345C1EB1EF4100DAAC8A /* Robot.swift */; };
		D397345F1EB1EF5E00DAAC8A /* Workstation.swift in Sources */ = {isa = PBXBuildFile; fileRef = D397345E1EB1EF5E00DAAC8A /* Workstation.swift */; };
		D39734611EB1EF6B00DAAC8A /* Field.swift in Sources */ = {isa = PBXBuildFile; fileRef = D39734601EB1EF6B00DAAC8A /* Field.swift */; };
		D39734631EB1EF7600DAAC8A /* FactoryLayout.swift in Sources */ = {isa = PBXBuildFile; fileRef = D39734621EB1EF7600DAAC8A /* FactoryLayout.swift */; };
		D39734651EB1FEBF00DAAC8A /* Position.swift in Sources */ = {isa = PBXBuildFile; fileRef = D39734641EB1FEBF00DAAC8A /* Position.swift */; };
		D39734671EB1FECE00DAAC8A /* Factory.swift in Sources */ = {isa = PBXBuildFile; fileRef = D39734661EB1FECE00DAAC8A /* Factory.swift */; };
		D39734691EB2095700DAAC8A /* PositionTests.swift in Sources */ = {isa = PBXBuildFile; fileRef = D39734681EB2095700DAAC8A /* PositionTests.swift */; };
		D397346C1EB3205A00DAAC8A /* FieldTests.swift in Sources */ = {isa = PBXBuildFile; fileRef = D397346B1EB3205A00DAAC8A /* FieldTests.swift */; };
		D397346E1EB3208800DAAC8A /* FactoryLayoutTests.swift in Sources */ = {isa = PBXBuildFile; fileRef = D397346D1EB3208800DAAC8A /* FactoryLayoutTests.swift */; };
		D3AE450E1F9BBEBB00894ACD /* SimulationMode.swift in Sources */ = {isa = PBXBuildFile; fileRef = D3AE450D1F9BBEBB00894ACD /* SimulationMode.swift */; };
		D3CD5F031EEAB68A00CEB83B /* Modificator.swift in Sources */ = {isa = PBXBuildFile; fileRef = D3CD5F021EEAB68A00CEB83B /* Modificator.swift */; };
		D3CD5F051EEAB77300CEB83B /* ParentSelection.swift in Sources */ = {isa = PBXBuildFile; fileRef = D3CD5F041EEAB77300CEB83B /* ParentSelection.swift */; };
		D3CD5F071EEAE63E00CEB83B /* Crossover.swift in Sources */ = {isa = PBXBuildFile; fileRef = D3CD5F061EEAE63E00CEB83B /* Crossover.swift */; };
		D3D84DBE1EB478130038710B /* Interpreter.swift in Sources */ = {isa = PBXBuildFile; fileRef = D3D84DBD1EB478130038710B /* Interpreter.swift */; };
		D3D84DC01EB4781A0038710B /* Presenter.swift in Sources */ = {isa = PBXBuildFile; fileRef = D3D84DBF1EB4781A0038710B /* Presenter.swift */; };
		D3D84DC21EB479760038710B /* Simulator.swift in Sources */ = {isa = PBXBuildFile; fileRef = D3D84DC11EB479760038710B /* Simulator.swift */; };
		D3D84DC41EB4861A0038710B /* ProductTests.swift in Sources */ = {isa = PBXBuildFile; fileRef = D3D84DC31EB4861A0038710B /* ProductTests.swift */; };
		D3D84DC61EB4863B0038710B /* RobotTests.swift in Sources */ = {isa = PBXBuildFile; fileRef = D3D84DC51EB4863B0038710B /* RobotTests.swift */; };
		D3D84DC81EB486490038710B /* WorkstationTests.swift in Sources */ = {isa = PBXBuildFile; fileRef = D3D84DC71EB486490038710B /* WorkstationTests.swift */; };
		D3D84DCA1EB486560038710B /* FactoryTests.swift in Sources */ = {isa = PBXBuildFile; fileRef = D3D84DC91EB486560038710B /* FactoryTests.swift */; };
		D3D84DCC1EB486800038710B /* SimulationSettings.swift in Sources */ = {isa = PBXBuildFile; fileRef = D3D84DCB1EB486800038710B /* SimulationSettings.swift */; };
		D3D84DCE1EB4902E0038710B /* SimulationSettingsTests.swift in Sources */ = {isa = PBXBuildFile; fileRef = D3D84DCD1EB4902E0038710B /* SimulationSettingsTests.swift */; };
		D3D84DD21EB4E1BE0038710B /* SwifterSwift.framework in Frameworks */ = {isa = PBXBuildFile; fileRef = D3D84DD11EB4E1BE0038710B /* SwifterSwift.framework */; };
		D3D84DD61EB4EBC30038710B /* ProductType.swift in Sources */ = {isa = PBXBuildFile; fileRef = D3D84DD51EB4EBC30038710B /* ProductType.swift */; };
		D3D84DD81EB4EBEC0038710B /* WorkstationType.swift in Sources */ = {isa = PBXBuildFile; fileRef = D3D84DD71EB4EBEC0038710B /* WorkstationType.swift */; };
		D3D84DDA1EB4EC590038710B /* RobotRouting.swift in Sources */ = {isa = PBXBuildFile; fileRef = D3D84DD91EB4EC590038710B /* RobotRouting.swift */; };
		D3D84DDC1EB5F9390038710B /* FieldType.swift in Sources */ = {isa = PBXBuildFile; fileRef = D3D84DDB1EB5F9390038710B /* FieldType.swift */; };
		D3D84DDE1EB629050038710B /* RobotState.swift in Sources */ = {isa = PBXBuildFile; fileRef = D3D84DDD1EB629050038710B /* RobotState.swift */; };
		D3D84DE01EB6291A0038710B /* WorkstationState.swift in Sources */ = {isa = PBXBuildFile; fileRef = D3D84DDF1EB6291A0038710B /* WorkstationState.swift */; };
		D3D84DE41EB653330038710B /* RoutingTests.swift in Sources */ = {isa = PBXBuildFile; fileRef = D3D84DE31EB653330038710B /* RoutingTests.swift */; };
		D3E257011EBB74C6005949A9 /* StandardImplementation.swift in Sources */ = {isa = PBXBuildFile; fileRef = D3E257001EBB74C6005949A9 /* StandardImplementation.swift */; };
		D3E257031EBB8584005949A9 /* Identifiable.swift in Sources */ = {isa = PBXBuildFile; fileRef = D3E257021EBB8584005949A9 /* Identifiable.swift */; };
		D3E80FF51F51A2A90034A800 /* Generation.swift in Sources */ = {isa = PBXBuildFile; fileRef = D3E80FF41F51A2A90034A800 /* Generation.swift */; };
		D3E80FF71F51AD9A0034A800 /* DiversityModel.swift in Sources */ = {isa = PBXBuildFile; fileRef = D3E80FF61F51AD9A0034A800 /* DiversityModel.swift */; };
/* End PBXBuildFile section */

/* Begin PBXContainerItemProxy section */
		D39734391EB1E6D400DAAC8A /* PBXContainerItemProxy */ = {
			isa = PBXContainerItemProxy;
			containerPortal = D397341C1EB1E6D300DAAC8A /* Project object */;
			proxyType = 1;
			remoteGlobalIDString = D39734231EB1E6D300DAAC8A;
			remoteInfo = "Bachelor Project Mac";
		};
		D39734441EB1E6D400DAAC8A /* PBXContainerItemProxy */ = {
			isa = PBXContainerItemProxy;
			containerPortal = D397341C1EB1E6D300DAAC8A /* Project object */;
			proxyType = 1;
			remoteGlobalIDString = D39734231EB1E6D300DAAC8A;
			remoteInfo = "Bachelor Project Mac";
		};
/* End PBXContainerItemProxy section */

/* Begin PBXFileReference section */
		D3142C2A1F45D12F0055D46F /* Hypermutation.swift */ = {isa = PBXFileReference; lastKnownFileType = sourcecode.swift; path = Hypermutation.swift; sourceTree = "<group>"; };
		D3325F341F13C9B00025555D /* RunnableFactory.swift */ = {isa = PBXFileReference; lastKnownFileType = sourcecode.swift; path = RunnableFactory.swift; sourceTree = "<group>"; };
		D334E8BC1EFD3EE9002DF760 /* CryptoSwift.framework */ = {isa = PBXFileReference; lastKnownFileType = wrapper.framework; name = CryptoSwift.framework; path = Carthage/Build/Mac/CryptoSwift.framework; sourceTree = "<group>"; };
		D334E8BE1EFD5115002DF760 /* Mutation.swift */ = {isa = PBXFileReference; lastKnownFileType = sourcecode.swift; path = Mutation.swift; sourceTree = "<group>"; };
		D334E8C01EFD519E002DF760 /* SurvivorSelection.swift */ = {isa = PBXFileReference; lastKnownFileType = sourcecode.swift; path = SurvivorSelection.swift; sourceTree = "<group>"; };
		D33DF8251F650DAA00B55570 /* Statistics.swift */ = {isa = PBXFileReference; lastKnownFileType = sourcecode.swift; path = Statistics.swift; sourceTree = "<group>"; };
		D34A73031EB9CF6100FBE2F7 /* FactoryState.swift */ = {isa = PBXFileReference; fileEncoding = 4; lastKnownFileType = sourcecode.swift; path = FactoryState.swift; sourceTree = "<group>"; };
		D37AF1B81F7FCDD6000C7681 /* Bitstring.swift */ = {isa = PBXFileReference; lastKnownFileType = sourcecode.swift; path = Bitstring.swift; sourceTree = "<group>"; };
		D37AF1BA1F7FCDE2000C7681 /* Bit.swift */ = {isa = PBXFileReference; lastKnownFileType = sourcecode.swift; path = Bit.swift; sourceTree = "<group>"; };
		D39734241EB1E6D300DAAC8A /* Bachelor Project Mac.app */ = {isa = PBXFileReference; explicitFileType = wrapper.application; includeInIndex = 0; path = "Bachelor Project Mac.app"; sourceTree = BUILT_PRODUCTS_DIR; };
		D39734271EB1E6D300DAAC8A /* AppDelegate.swift */ = {isa = PBXFileReference; lastKnownFileType = sourcecode.swift; path = AppDelegate.swift; sourceTree = "<group>"; };
		D39734291EB1E6D300DAAC8A /* ViewController.swift */ = {isa = PBXFileReference; lastKnownFileType = sourcecode.swift; path = ViewController.swift; sourceTree = "<group>"; };
		D397342C1EB1E6D300DAAC8A /* Bachelor_Project_Mac.xcdatamodel */ = {isa = PBXFileReference; lastKnownFileType = wrapper.xcdatamodel; path = Bachelor_Project_Mac.xcdatamodel; sourceTree = "<group>"; };
		D397342E1EB1E6D300DAAC8A /* Assets.xcassets */ = {isa = PBXFileReference; lastKnownFileType = folder.assetcatalog; path = Assets.xcassets; sourceTree = "<group>"; };
		D39734311EB1E6D400DAAC8A /* Base */ = {isa = PBXFileReference; lastKnownFileType = file.storyboard; name = Base; path = Base.lproj/Main.storyboard; sourceTree = "<group>"; };
		D39734331EB1E6D400DAAC8A /* Info.plist */ = {isa = PBXFileReference; lastKnownFileType = text.plist.xml; path = Info.plist; sourceTree = "<group>"; };
		D39734381EB1E6D400DAAC8A /* Bachelor Project MacTests.xctest */ = {isa = PBXFileReference; explicitFileType = wrapper.cfbundle; includeInIndex = 0; path = "Bachelor Project MacTests.xctest"; sourceTree = BUILT_PRODUCTS_DIR; };
		D397343C1EB1E6D400DAAC8A /* PerformanceTests.swift */ = {isa = PBXFileReference; lastKnownFileType = sourcecode.swift; path = PerformanceTests.swift; sourceTree = "<group>"; };
		D397343E1EB1E6D400DAAC8A /* Info.plist */ = {isa = PBXFileReference; lastKnownFileType = text.plist.xml; path = Info.plist; sourceTree = "<group>"; };
		D39734431EB1E6D400DAAC8A /* Bachelor Project MacUITests.xctest */ = {isa = PBXFileReference; explicitFileType = wrapper.cfbundle; includeInIndex = 0; path = "Bachelor Project MacUITests.xctest"; sourceTree = BUILT_PRODUCTS_DIR; };
		D39734471EB1E6D400DAAC8A /* Bachelor_Project_MacUITests.swift */ = {isa = PBXFileReference; lastKnownFileType = sourcecode.swift; path = Bachelor_Project_MacUITests.swift; sourceTree = "<group>"; };
		D39734491EB1E6D400DAAC8A /* Info.plist */ = {isa = PBXFileReference; lastKnownFileType = text.plist.xml; path = Info.plist; sourceTree = "<group>"; };
		D39734571EB1EEFF00DAAC8A /* Extensions.swift */ = {isa = PBXFileReference; fileEncoding = 4; lastKnownFileType = sourcecode.swift; path = Extensions.swift; sourceTree = "<group>"; };
		D397345A1EB1EF2E00DAAC8A /* Product.swift */ = {isa = PBXFileReference; fileEncoding = 4; lastKnownFileType = sourcecode.swift; path = Product.swift; sourceTree = "<group>"; };
		D397345C1EB1EF4100DAAC8A /* Robot.swift */ = {isa = PBXFileReference; fileEncoding = 4; lastKnownFileType = sourcecode.swift; path = Robot.swift; sourceTree = "<group>"; };
		D397345E1EB1EF5E00DAAC8A /* Workstation.swift */ = {isa = PBXFileReference; fileEncoding = 4; lastKnownFileType = sourcecode.swift; path = Workstation.swift; sourceTree = "<group>"; };
		D39734601EB1EF6B00DAAC8A /* Field.swift */ = {isa = PBXFileReference; fileEncoding = 4; lastKnownFileType = sourcecode.swift; path = Field.swift; sourceTree = "<group>"; };
		D39734621EB1EF7600DAAC8A /* FactoryLayout.swift */ = {isa = PBXFileReference; fileEncoding = 4; lastKnownFileType = sourcecode.swift; path = FactoryLayout.swift; sourceTree = "<group>"; };
		D39734641EB1FEBF00DAAC8A /* Position.swift */ = {isa = PBXFileReference; fileEncoding = 4; lastKnownFileType = sourcecode.swift; path = Position.swift; sourceTree = "<group>"; };
		D39734661EB1FECE00DAAC8A /* Factory.swift */ = {isa = PBXFileReference; fileEncoding = 4; lastKnownFileType = sourcecode.swift; path = Factory.swift; sourceTree = "<group>"; };
		D39734681EB2095700DAAC8A /* PositionTests.swift */ = {isa = PBXFileReference; fileEncoding = 4; lastKnownFileType = sourcecode.swift; path = PositionTests.swift; sourceTree = "<group>"; };
		D397346B1EB3205A00DAAC8A /* FieldTests.swift */ = {isa = PBXFileReference; fileEncoding = 4; lastKnownFileType = sourcecode.swift; path = FieldTests.swift; sourceTree = "<group>"; };
		D397346D1EB3208800DAAC8A /* FactoryLayoutTests.swift */ = {isa = PBXFileReference; fileEncoding = 4; lastKnownFileType = sourcecode.swift; path = FactoryLayoutTests.swift; sourceTree = "<group>"; };
		D3AE450D1F9BBEBB00894ACD /* SimulationMode.swift */ = {isa = PBXFileReference; lastKnownFileType = sourcecode.swift; path = SimulationMode.swift; sourceTree = "<group>"; };
		D3CD5F021EEAB68A00CEB83B /* Modificator.swift */ = {isa = PBXFileReference; fileEncoding = 4; lastKnownFileType = sourcecode.swift; path = Modificator.swift; sourceTree = "<group>"; };
		D3CD5F041EEAB77300CEB83B /* ParentSelection.swift */ = {isa = PBXFileReference; fileEncoding = 4; lastKnownFileType = sourcecode.swift; path = ParentSelection.swift; sourceTree = "<group>"; };
		D3CD5F061EEAE63E00CEB83B /* Crossover.swift */ = {isa = PBXFileReference; fileEncoding = 4; lastKnownFileType = sourcecode.swift; path = Crossover.swift; sourceTree = "<group>"; };
		D3D84DBD1EB478130038710B /* Interpreter.swift */ = {isa = PBXFileReference; fileEncoding = 4; lastKnownFileType = sourcecode.swift; path = Interpreter.swift; sourceTree = "<group>"; };
		D3D84DBF1EB4781A0038710B /* Presenter.swift */ = {isa = PBXFileReference; fileEncoding = 4; lastKnownFileType = sourcecode.swift; path = Presenter.swift; sourceTree = "<group>"; };
		D3D84DC11EB479760038710B /* Simulator.swift */ = {isa = PBXFileReference; fileEncoding = 4; lastKnownFileType = sourcecode.swift; path = Simulator.swift; sourceTree = "<group>"; };
		D3D84DC31EB4861A0038710B /* ProductTests.swift */ = {isa = PBXFileReference; fileEncoding = 4; lastKnownFileType = sourcecode.swift; path = ProductTests.swift; sourceTree = "<group>"; };
		D3D84DC51EB4863B0038710B /* RobotTests.swift */ = {isa = PBXFileReference; fileEncoding = 4; lastKnownFileType = sourcecode.swift; path = RobotTests.swift; sourceTree = "<group>"; };
		D3D84DC71EB486490038710B /* WorkstationTests.swift */ = {isa = PBXFileReference; fileEncoding = 4; lastKnownFileType = sourcecode.swift; path = WorkstationTests.swift; sourceTree = "<group>"; };
		D3D84DC91EB486560038710B /* FactoryTests.swift */ = {isa = PBXFileReference; fileEncoding = 4; lastKnownFileType = sourcecode.swift; path = FactoryTests.swift; sourceTree = "<group>"; };
		D3D84DCB1EB486800038710B /* SimulationSettings.swift */ = {isa = PBXFileReference; fileEncoding = 4; lastKnownFileType = sourcecode.swift; path = SimulationSettings.swift; sourceTree = "<group>"; };
		D3D84DCD1EB4902E0038710B /* SimulationSettingsTests.swift */ = {isa = PBXFileReference; fileEncoding = 4; lastKnownFileType = sourcecode.swift; path = SimulationSettingsTests.swift; sourceTree = "<group>"; };
		D3D84DD11EB4E1BE0038710B /* SwifterSwift.framework */ = {isa = PBXFileReference; lastKnownFileType = wrapper.framework; name = SwifterSwift.framework; path = Carthage/Build/Mac/SwifterSwift.framework; sourceTree = "<group>"; };
		D3D84DD51EB4EBC30038710B /* ProductType.swift */ = {isa = PBXFileReference; fileEncoding = 4; lastKnownFileType = sourcecode.swift; path = ProductType.swift; sourceTree = "<group>"; };
		D3D84DD71EB4EBEC0038710B /* WorkstationType.swift */ = {isa = PBXFileReference; fileEncoding = 4; lastKnownFileType = sourcecode.swift; path = WorkstationType.swift; sourceTree = "<group>"; };
		D3D84DD91EB4EC590038710B /* RobotRouting.swift */ = {isa = PBXFileReference; fileEncoding = 4; lastKnownFileType = sourcecode.swift; path = RobotRouting.swift; sourceTree = "<group>"; };
		D3D84DDB1EB5F9390038710B /* FieldType.swift */ = {isa = PBXFileReference; fileEncoding = 4; lastKnownFileType = sourcecode.swift; path = FieldType.swift; sourceTree = "<group>"; };
		D3D84DDD1EB629050038710B /* RobotState.swift */ = {isa = PBXFileReference; fileEncoding = 4; lastKnownFileType = sourcecode.swift; path = RobotState.swift; sourceTree = "<group>"; };
		D3D84DDF1EB6291A0038710B /* WorkstationState.swift */ = {isa = PBXFileReference; fileEncoding = 4; lastKnownFileType = sourcecode.swift; path = WorkstationState.swift; sourceTree = "<group>"; };
		D3D84DE31EB653330038710B /* RoutingTests.swift */ = {isa = PBXFileReference; fileEncoding = 4; lastKnownFileType = sourcecode.swift; path = RoutingTests.swift; sourceTree = "<group>"; };
		D3E257001EBB74C6005949A9 /* StandardImplementation.swift */ = {isa = PBXFileReference; fileEncoding = 4; lastKnownFileType = sourcecode.swift; path = StandardImplementation.swift; sourceTree = "<group>"; };
		D3E257021EBB8584005949A9 /* Identifiable.swift */ = {isa = PBXFileReference; fileEncoding = 4; lastKnownFileType = sourcecode.swift; path = Identifiable.swift; sourceTree = "<group>"; };
		D3E80FF41F51A2A90034A800 /* Generation.swift */ = {isa = PBXFileReference; lastKnownFileType = sourcecode.swift; path = Generation.swift; sourceTree = "<group>"; };
		D3E80FF61F51AD9A0034A800 /* DiversityModel.swift */ = {isa = PBXFileReference; lastKnownFileType = sourcecode.swift; path = DiversityModel.swift; sourceTree = "<group>"; };
/* End PBXFileReference section */

/* Begin PBXFrameworksBuildPhase section */
		D39734211EB1E6D300DAAC8A /* Frameworks */ = {
			isa = PBXFrameworksBuildPhase;
			buildActionMask = 2147483647;
			files = (
				D334E8BD1EFD3FF5002DF760 /* CryptoSwift.framework in Frameworks */,
				D3D84DD21EB4E1BE0038710B /* SwifterSwift.framework in Frameworks */,
			);
			runOnlyForDeploymentPostprocessing = 0;
		};
		D39734351EB1E6D400DAAC8A /* Frameworks */ = {
			isa = PBXFrameworksBuildPhase;
			buildActionMask = 2147483647;
			files = (
			);
			runOnlyForDeploymentPostprocessing = 0;
		};
		D39734401EB1E6D400DAAC8A /* Frameworks */ = {
			isa = PBXFrameworksBuildPhase;
			buildActionMask = 2147483647;
			files = (
			);
			runOnlyForDeploymentPostprocessing = 0;
		};
/* End PBXFrameworksBuildPhase section */

/* Begin PBXGroup section */
		D397341B1EB1E6D300DAAC8A = {
			isa = PBXGroup;
			children = (
				D39734261EB1E6D300DAAC8A /* Bachelor Project Mac */,
				D397343B1EB1E6D400DAAC8A /* Bachelor Project MacTests */,
				D39734461EB1E6D400DAAC8A /* Bachelor Project MacUITests */,
				D39734251EB1E6D300DAAC8A /* Products */,
				D3D84DD01EB4E1BD0038710B /* Frameworks */,
			);
			sourceTree = "<group>";
		};
		D39734251EB1E6D300DAAC8A /* Products */ = {
			isa = PBXGroup;
			children = (
				D39734241EB1E6D300DAAC8A /* Bachelor Project Mac.app */,
				D39734381EB1E6D400DAAC8A /* Bachelor Project MacTests.xctest */,
				D39734431EB1E6D400DAAC8A /* Bachelor Project MacUITests.xctest */,
			);
			name = Products;
			sourceTree = "<group>";
		};
		D39734261EB1E6D300DAAC8A /* Bachelor Project Mac */ = {
			isa = PBXGroup;
			children = (
				D3D84DD41EB4EBB20038710B /* Settings & Output */,
				D39734591EB1EF1000DAAC8A /* Static Models */,
				D3D84DE11EB62ADE0038710B /* Dynamic Models */,
				D3D84DCF1EB4DC120038710B /* Genetic Algorithm */,
				D3D84DBC1EB477EF0038710B /* Presenter */,
				D39734551EB1EECE00DAAC8A /* View */,
				D39734561EB1EED400DAAC8A /* Helpers */,
			);
			path = "Bachelor Project Mac";
			sourceTree = "<group>";
		};
		D397343B1EB1E6D400DAAC8A /* Bachelor Project MacTests */ = {
			isa = PBXGroup;
			children = (
				D3E257001EBB74C6005949A9 /* StandardImplementation.swift */,
				D3D84DE21EB653210038710B /* Settings Tests */,
				D397346A1EB3202500DAAC8A /* Model Tests */,
				D397343C1EB1E6D400DAAC8A /* PerformanceTests.swift */,
				D397343E1EB1E6D400DAAC8A /* Info.plist */,
			);
			path = "Bachelor Project MacTests";
			sourceTree = "<group>";
		};
		D39734461EB1E6D400DAAC8A /* Bachelor Project MacUITests */ = {
			isa = PBXGroup;
			children = (
				D39734471EB1E6D400DAAC8A /* Bachelor_Project_MacUITests.swift */,
				D39734491EB1E6D400DAAC8A /* Info.plist */,
			);
			path = "Bachelor Project MacUITests";
			sourceTree = "<group>";
		};
		D39734551EB1EECE00DAAC8A /* View */ = {
			isa = PBXGroup;
			children = (
				D397342E1EB1E6D300DAAC8A /* Assets.xcassets */,
				D39734291EB1E6D300DAAC8A /* ViewController.swift */,
				D39734301EB1E6D400DAAC8A /* Main.storyboard */,
			);
			name = View;
			sourceTree = "<group>";
		};
		D39734561EB1EED400DAAC8A /* Helpers */ = {
			isa = PBXGroup;
			children = (
				D39734331EB1E6D400DAAC8A /* Info.plist */,
				D397342B1EB1E6D300DAAC8A /* Bachelor_Project_Mac.xcdatamodeld */,
				D39734271EB1E6D300DAAC8A /* AppDelegate.swift */,
				D39734571EB1EEFF00DAAC8A /* Extensions.swift */,
				D37AF1BA1F7FCDE2000C7681 /* Bit.swift */,
				D37AF1B81F7FCDD6000C7681 /* Bitstring.swift */,
			);
			name = Helpers;
			sourceTree = "<group>";
		};
		D39734591EB1EF1000DAAC8A /* Static Models */ = {
			isa = PBXGroup;
			children = (
				D3D84DDD1EB629050038710B /* RobotState.swift */,
				D3D84DDF1EB6291A0038710B /* WorkstationState.swift */,
				D34A73031EB9CF6100FBE2F7 /* FactoryState.swift */,
				D3D84DDB1EB5F9390038710B /* FieldType.swift */,
				D39734641EB1FEBF00DAAC8A /* Position.swift */,
				D3E80FF61F51AD9A0034A800 /* DiversityModel.swift */,
				D3E257021EBB8584005949A9 /* Identifiable.swift */,
			);
			name = "Static Models";
			sourceTree = "<group>";
		};
		D397346A1EB3202500DAAC8A /* Model Tests */ = {
			isa = PBXGroup;
			children = (
				D39734681EB2095700DAAC8A /* PositionTests.swift */,
				D397346B1EB3205A00DAAC8A /* FieldTests.swift */,
				D397346D1EB3208800DAAC8A /* FactoryLayoutTests.swift */,
				D3D84DC31EB4861A0038710B /* ProductTests.swift */,
				D3D84DC51EB4863B0038710B /* RobotTests.swift */,
				D3D84DC71EB486490038710B /* WorkstationTests.swift */,
				D3D84DC91EB486560038710B /* FactoryTests.swift */,
			);
			name = "Model Tests";
			sourceTree = "<group>";
		};
		D3D84DBC1EB477EF0038710B /* Presenter */ = {
			isa = PBXGroup;
			children = (
				D3D84DBD1EB478130038710B /* Interpreter.swift */,
				D3D84DBF1EB4781A0038710B /* Presenter.swift */,
			);
			name = Presenter;
			sourceTree = "<group>";
		};
		D3D84DCF1EB4DC120038710B /* Genetic Algorithm */ = {
			isa = PBXGroup;
			children = (
				D3D84DC11EB479760038710B /* Simulator.swift */,
				D3CD5F021EEAB68A00CEB83B /* Modificator.swift */,
				D3CD5F041EEAB77300CEB83B /* ParentSelection.swift */,
				D3CD5F061EEAE63E00CEB83B /* Crossover.swift */,
				D334E8BE1EFD5115002DF760 /* Mutation.swift */,
				D3142C2A1F45D12F0055D46F /* Hypermutation.swift */,
				D334E8C01EFD519E002DF760 /* SurvivorSelection.swift */,
			);
			name = "Genetic Algorithm";
			sourceTree = "<group>";
		};
		D3D84DD01EB4E1BD0038710B /* Frameworks */ = {
			isa = PBXGroup;
			children = (
				D334E8BC1EFD3EE9002DF760 /* CryptoSwift.framework */,
				D3D84DD11EB4E1BE0038710B /* SwifterSwift.framework */,
			);
			name = Frameworks;
			sourceTree = "<group>";
		};
		D3D84DD41EB4EBB20038710B /* Settings & Output */ = {
			isa = PBXGroup;
			children = (
				D3D84DCB1EB486800038710B /* SimulationSettings.swift */,
				D3AE450D1F9BBEBB00894ACD /* SimulationMode.swift */,
				D33DF8251F650DAA00B55570 /* Statistics.swift */,
				D3D84DD51EB4EBC30038710B /* ProductType.swift */,
				D3D84DD71EB4EBEC0038710B /* WorkstationType.swift */,
				D3D84DD91EB4EC590038710B /* RobotRouting.swift */,
			);
			name = "Settings & Output";
			sourceTree = "<group>";
		};
		D3D84DE11EB62ADE0038710B /* Dynamic Models */ = {
			isa = PBXGroup;
			children = (
				D39734621EB1EF7600DAAC8A /* FactoryLayout.swift */,
				D39734601EB1EF6B00DAAC8A /* Field.swift */,
				D397345A1EB1EF2E00DAAC8A /* Product.swift */,
				D397345C1EB1EF4100DAAC8A /* Robot.swift */,
				D397345E1EB1EF5E00DAAC8A /* Workstation.swift */,
				D39734661EB1FECE00DAAC8A /* Factory.swift */,
				D3325F341F13C9B00025555D /* RunnableFactory.swift */,
				D3E80FF41F51A2A90034A800 /* Generation.swift */,
			);
			name = "Dynamic Models";
			sourceTree = "<group>";
		};
		D3D84DE21EB653210038710B /* Settings Tests */ = {
			isa = PBXGroup;
			children = (
				D3D84DCD1EB4902E0038710B /* SimulationSettingsTests.swift */,
				D3D84DE31EB653330038710B /* RoutingTests.swift */,
			);
			name = "Settings Tests";
			sourceTree = "<group>";
		};
/* End PBXGroup section */

/* Begin PBXNativeTarget section */
		D39734231EB1E6D300DAAC8A /* Bachelor Project Mac */ = {
			isa = PBXNativeTarget;
			buildConfigurationList = D397344C1EB1E6D400DAAC8A /* Build configuration list for PBXNativeTarget "Bachelor Project Mac" */;
			buildPhases = (
				D39734201EB1E6D300DAAC8A /* Sources */,
				D39734211EB1E6D300DAAC8A /* Frameworks */,
				D39734221EB1E6D300DAAC8A /* Resources */,
				D3D84DD31EB4E1C30038710B /* Carthage Integration */,
			);
			buildRules = (
			);
			dependencies = (
			);
			name = "Bachelor Project Mac";
			productName = "Bachelor Project Mac";
			productReference = D39734241EB1E6D300DAAC8A /* Bachelor Project Mac.app */;
			productType = "com.apple.product-type.application";
		};
		D39734371EB1E6D400DAAC8A /* Bachelor Project MacTests */ = {
			isa = PBXNativeTarget;
			buildConfigurationList = D397344F1EB1E6D400DAAC8A /* Build configuration list for PBXNativeTarget "Bachelor Project MacTests" */;
			buildPhases = (
				D39734341EB1E6D400DAAC8A /* Sources */,
				D39734351EB1E6D400DAAC8A /* Frameworks */,
				D39734361EB1E6D400DAAC8A /* Resources */,
			);
			buildRules = (
			);
			dependencies = (
				D397343A1EB1E6D400DAAC8A /* PBXTargetDependency */,
			);
			name = "Bachelor Project MacTests";
			productName = "Bachelor Project MacTests";
			productReference = D39734381EB1E6D400DAAC8A /* Bachelor Project MacTests.xctest */;
			productType = "com.apple.product-type.bundle.unit-test";
		};
		D39734421EB1E6D400DAAC8A /* Bachelor Project MacUITests */ = {
			isa = PBXNativeTarget;
			buildConfigurationList = D39734521EB1E6D400DAAC8A /* Build configuration list for PBXNativeTarget "Bachelor Project MacUITests" */;
			buildPhases = (
				D397343F1EB1E6D400DAAC8A /* Sources */,
				D39734401EB1E6D400DAAC8A /* Frameworks */,
				D39734411EB1E6D400DAAC8A /* Resources */,
			);
			buildRules = (
			);
			dependencies = (
				D39734451EB1E6D400DAAC8A /* PBXTargetDependency */,
			);
			name = "Bachelor Project MacUITests";
			productName = "Bachelor Project MacUITests";
			productReference = D39734431EB1E6D400DAAC8A /* Bachelor Project MacUITests.xctest */;
			productType = "com.apple.product-type.bundle.ui-testing";
		};
/* End PBXNativeTarget section */

/* Begin PBXProject section */
		D397341C1EB1E6D300DAAC8A /* Project object */ = {
			isa = PBXProject;
			attributes = {
				LastSwiftUpdateCheck = 0830;
				LastUpgradeCheck = 0900;
				ORGANIZATIONNAME = "it-economics";
				TargetAttributes = {
					D39734231EB1E6D300DAAC8A = {
						CreatedOnToolsVersion = 8.3.2;
						DevelopmentTeam = EM47M4JQ9E;
						LastSwiftMigration = 0900;
						ProvisioningStyle = Automatic;
					};
					D39734371EB1E6D400DAAC8A = {
						CreatedOnToolsVersion = 8.3.2;
						DevelopmentTeam = EM47M4JQ9E;
						LastSwiftMigration = 0900;
						ProvisioningStyle = Automatic;
						TestTargetID = D39734231EB1E6D300DAAC8A;
					};
					D39734421EB1E6D400DAAC8A = {
						CreatedOnToolsVersion = 8.3.2;
						DevelopmentTeam = EM47M4JQ9E;
						LastSwiftMigration = 0900;
						ProvisioningStyle = Automatic;
						TestTargetID = D39734231EB1E6D300DAAC8A;
					};
				};
			};
			buildConfigurationList = D397341F1EB1E6D300DAAC8A /* Build configuration list for PBXProject "Bachelor Project Mac" */;
			compatibilityVersion = "Xcode 3.2";
			developmentRegion = English;
			hasScannedForEncodings = 0;
			knownRegions = (
				en,
				Base,
			);
			mainGroup = D397341B1EB1E6D300DAAC8A;
			productRefGroup = D39734251EB1E6D300DAAC8A /* Products */;
			projectDirPath = "";
			projectRoot = "";
			targets = (
				D39734231EB1E6D300DAAC8A /* Bachelor Project Mac */,
				D39734371EB1E6D400DAAC8A /* Bachelor Project MacTests */,
				D39734421EB1E6D400DAAC8A /* Bachelor Project MacUITests */,
			);
		};
/* End PBXProject section */

/* Begin PBXResourcesBuildPhase section */
		D39734221EB1E6D300DAAC8A /* Resources */ = {
			isa = PBXResourcesBuildPhase;
			buildActionMask = 2147483647;
			files = (
				D397342F1EB1E6D300DAAC8A /* Assets.xcassets in Resources */,
				D39734321EB1E6D400DAAC8A /* Main.storyboard in Resources */,
			);
			runOnlyForDeploymentPostprocessing = 0;
		};
		D39734361EB1E6D400DAAC8A /* Resources */ = {
			isa = PBXResourcesBuildPhase;
			buildActionMask = 2147483647;
			files = (
			);
			runOnlyForDeploymentPostprocessing = 0;
		};
		D39734411EB1E6D400DAAC8A /* Resources */ = {
			isa = PBXResourcesBuildPhase;
			buildActionMask = 2147483647;
			files = (
			);
			runOnlyForDeploymentPostprocessing = 0;
		};
/* End PBXResourcesBuildPhase section */

/* Begin PBXShellScriptBuildPhase section */
		D3D84DD31EB4E1C30038710B /* Carthage Integration */ = {
			isa = PBXShellScriptBuildPhase;
			buildActionMask = 2147483647;
			files = (
			);
			inputPaths = (
				"$(SRCROOT)/Carthage/Build/Mac/SwifterSwift.framework",
				"$(SRCROOT)/Carthage/Build/Mac/CryptoSwift.framework",
			);
			name = "Carthage Integration";
			outputPaths = (
			);
			runOnlyForDeploymentPostprocessing = 0;
			shellPath = /bin/sh;
			shellScript = "/usr/local/bin/carthage copy-frameworks";
		};
/* End PBXShellScriptBuildPhase section */

/* Begin PBXSourcesBuildPhase section */
		D39734201EB1E6D300DAAC8A /* Sources */ = {
			isa = PBXSourcesBuildPhase;
			buildActionMask = 2147483647;
			files = (
				D3D84DBE1EB478130038710B /* Interpreter.swift in Sources */,
				D397342A1EB1E6D300DAAC8A /* ViewController.swift in Sources */,
				D3D84DDC1EB5F9390038710B /* FieldType.swift in Sources */,
				D397342D1EB1E6D300DAAC8A /* Bachelor_Project_Mac.xcdatamodeld in Sources */,
				D334E8C11EFD519E002DF760 /* SurvivorSelection.swift in Sources */,
				D3CD5F071EEAE63E00CEB83B /* Crossover.swift in Sources */,
				D3E80FF51F51A2A90034A800 /* Generation.swift in Sources */,
				D39734671EB1FECE00DAAC8A /* Factory.swift in Sources */,
				D37AF1B91F7FCDD6000C7681 /* Bitstring.swift in Sources */,
				D3D84DCC1EB486800038710B /* SimulationSettings.swift in Sources */,
				D39734611EB1EF6B00DAAC8A /* Field.swift in Sources */,
				D3142C2B1F45D12F0055D46F /* Hypermutation.swift in Sources */,
				D3E257031EBB8584005949A9 /* Identifiable.swift in Sources */,
				D39734631EB1EF7600DAAC8A /* FactoryLayout.swift in Sources */,
				D37AF1BB1F7FCDE2000C7681 /* Bit.swift in Sources */,
				D3D84DC21EB479760038710B /* Simulator.swift in Sources */,
				D397345B1EB1EF2E00DAAC8A /* Product.swift in Sources */,
				D3D84DE01EB6291A0038710B /* WorkstationState.swift in Sources */,
				D3AE450E1F9BBEBB00894ACD /* SimulationMode.swift in Sources */,
				D3D84DD81EB4EBEC0038710B /* WorkstationType.swift in Sources */,
				D39734281EB1E6D300DAAC8A /* AppDelegate.swift in Sources */,
				D397345D1EB1EF4100DAAC8A /* Robot.swift in Sources */,
				D397345F1EB1EF5E00DAAC8A /* Workstation.swift in Sources */,
				D3D84DDE1EB629050038710B /* RobotState.swift in Sources */,
				D3D84DC01EB4781A0038710B /* Presenter.swift in Sources */,
				D3D84DDA1EB4EC590038710B /* RobotRouting.swift in Sources */,
				D39734651EB1FEBF00DAAC8A /* Position.swift in Sources */,
				D39734581EB1EEFF00DAAC8A /* Extensions.swift in Sources */,
				D3E80FF71F51AD9A0034A800 /* DiversityModel.swift in Sources */,
				D33DF8261F650DAA00B55570 /* Statistics.swift in Sources */,
				D3CD5F031EEAB68A00CEB83B /* Modificator.swift in Sources */,
				D3CD5F051EEAB77300CEB83B /* ParentSelection.swift in Sources */,
				D34A73041EB9CF6100FBE2F7 /* FactoryState.swift in Sources */,
				D334E8BF1EFD5115002DF760 /* Mutation.swift in Sources */,
				D3D84DD61EB4EBC30038710B /* ProductType.swift in Sources */,
				D3325F351F13C9B00025555D /* RunnableFactory.swift in Sources */,
			);
			runOnlyForDeploymentPostprocessing = 0;
		};
		D39734341EB1E6D400DAAC8A /* Sources */ = {
			isa = PBXSourcesBuildPhase;
			buildActionMask = 2147483647;
			files = (
				D3D84DCA1EB486560038710B /* FactoryTests.swift in Sources */,
				D397346E1EB3208800DAAC8A /* FactoryLayoutTests.swift in Sources */,
				D3E257011EBB74C6005949A9 /* StandardImplementation.swift in Sources */,
				D39734691EB2095700DAAC8A /* PositionTests.swift in Sources */,
				D3D84DC81EB486490038710B /* WorkstationTests.swift in Sources */,
				D397343D1EB1E6D400DAAC8A /* PerformanceTests.swift in Sources */,
				D397346C1EB3205A00DAAC8A /* FieldTests.swift in Sources */,
				D3D84DE41EB653330038710B /* RoutingTests.swift in Sources */,
				D3D84DC61EB4863B0038710B /* RobotTests.swift in Sources */,
				D3D84DCE1EB4902E0038710B /* SimulationSettingsTests.swift in Sources */,
				D3D84DC41EB4861A0038710B /* ProductTests.swift in Sources */,
			);
			runOnlyForDeploymentPostprocessing = 0;
		};
		D397343F1EB1E6D400DAAC8A /* Sources */ = {
			isa = PBXSourcesBuildPhase;
			buildActionMask = 2147483647;
			files = (
				D39734481EB1E6D400DAAC8A /* Bachelor_Project_MacUITests.swift in Sources */,
			);
			runOnlyForDeploymentPostprocessing = 0;
		};
/* End PBXSourcesBuildPhase section */

/* Begin PBXTargetDependency section */
		D397343A1EB1E6D400DAAC8A /* PBXTargetDependency */ = {
			isa = PBXTargetDependency;
			target = D39734231EB1E6D300DAAC8A /* Bachelor Project Mac */;
			targetProxy = D39734391EB1E6D400DAAC8A /* PBXContainerItemProxy */;
		};
		D39734451EB1E6D400DAAC8A /* PBXTargetDependency */ = {
			isa = PBXTargetDependency;
			target = D39734231EB1E6D300DAAC8A /* Bachelor Project Mac */;
			targetProxy = D39734441EB1E6D400DAAC8A /* PBXContainerItemProxy */;
		};
/* End PBXTargetDependency section */

/* Begin PBXVariantGroup section */
		D39734301EB1E6D400DAAC8A /* Main.storyboard */ = {
			isa = PBXVariantGroup;
			children = (
				D39734311EB1E6D400DAAC8A /* Base */,
			);
			name = Main.storyboard;
			sourceTree = "<group>";
		};
/* End PBXVariantGroup section */

/* Begin XCBuildConfiguration section */
		D397344A1EB1E6D400DAAC8A /* Debug */ = {
			isa = XCBuildConfiguration;
			buildSettings = {
				ALWAYS_SEARCH_USER_PATHS = NO;
				CLANG_ANALYZER_NONNULL = YES;
				CLANG_ANALYZER_NUMBER_OBJECT_CONVERSION = YES_AGGRESSIVE;
				CLANG_CXX_LANGUAGE_STANDARD = "gnu++0x";
				CLANG_CXX_LIBRARY = "libc++";
				CLANG_ENABLE_MODULES = YES;
				CLANG_ENABLE_OBJC_ARC = YES;
				CLANG_WARN_BLOCK_CAPTURE_AUTORELEASING = YES;
				CLANG_WARN_BOOL_CONVERSION = YES;
				CLANG_WARN_COMMA = YES;
				CLANG_WARN_CONSTANT_CONVERSION = YES;
				CLANG_WARN_DIRECT_OBJC_ISA_USAGE = YES_ERROR;
				CLANG_WARN_DOCUMENTATION_COMMENTS = YES;
				CLANG_WARN_EMPTY_BODY = YES;
				CLANG_WARN_ENUM_CONVERSION = YES;
				CLANG_WARN_INFINITE_RECURSION = YES;
				CLANG_WARN_INT_CONVERSION = YES;
				CLANG_WARN_NON_LITERAL_NULL_CONVERSION = YES;
				CLANG_WARN_OBJC_LITERAL_CONVERSION = YES;
				CLANG_WARN_OBJC_ROOT_CLASS = YES_ERROR;
				CLANG_WARN_RANGE_LOOP_ANALYSIS = YES;
				CLANG_WARN_STRICT_PROTOTYPES = YES;
				CLANG_WARN_SUSPICIOUS_MOVE = YES;
				CLANG_WARN_UNREACHABLE_CODE = YES;
				CLANG_WARN__DUPLICATE_METHOD_MATCH = YES;
				CODE_SIGN_IDENTITY = "-";
				COPY_PHASE_STRIP = NO;
				DEBUG_INFORMATION_FORMAT = dwarf;
				ENABLE_STRICT_OBJC_MSGSEND = YES;
				ENABLE_TESTABILITY = YES;
				GCC_C_LANGUAGE_STANDARD = gnu99;
				GCC_DYNAMIC_NO_PIC = NO;
				GCC_NO_COMMON_BLOCKS = YES;
				GCC_OPTIMIZATION_LEVEL = 0;
				GCC_PREPROCESSOR_DEFINITIONS = (
					"DEBUG=1",
					"$(inherited)",
				);
				GCC_WARN_64_TO_32_BIT_CONVERSION = YES;
				GCC_WARN_ABOUT_RETURN_TYPE = YES_ERROR;
				GCC_WARN_UNDECLARED_SELECTOR = YES;
				GCC_WARN_UNINITIALIZED_AUTOS = YES_AGGRESSIVE;
				GCC_WARN_UNUSED_FUNCTION = YES;
				GCC_WARN_UNUSED_VARIABLE = YES;
				MACOSX_DEPLOYMENT_TARGET = 10.12;
				MTL_ENABLE_DEBUG_INFO = YES;
				ONLY_ACTIVE_ARCH = YES;
				SDKROOT = macosx;
				SWIFT_ACTIVE_COMPILATION_CONDITIONS = DEBUG;
				SWIFT_OPTIMIZATION_LEVEL = "-Onone";
			};
			name = Debug;
		};
		D397344B1EB1E6D400DAAC8A /* Release */ = {
			isa = XCBuildConfiguration;
			buildSettings = {
				ALWAYS_SEARCH_USER_PATHS = NO;
				CLANG_ANALYZER_NONNULL = YES;
				CLANG_ANALYZER_NUMBER_OBJECT_CONVERSION = YES_AGGRESSIVE;
				CLANG_CXX_LANGUAGE_STANDARD = "gnu++0x";
				CLANG_CXX_LIBRARY = "libc++";
				CLANG_ENABLE_MODULES = YES;
				CLANG_ENABLE_OBJC_ARC = YES;
				CLANG_WARN_BLOCK_CAPTURE_AUTORELEASING = YES;
				CLANG_WARN_BOOL_CONVERSION = YES;
				CLANG_WARN_COMMA = YES;
				CLANG_WARN_CONSTANT_CONVERSION = YES;
				CLANG_WARN_DIRECT_OBJC_ISA_USAGE = YES_ERROR;
				CLANG_WARN_DOCUMENTATION_COMMENTS = YES;
				CLANG_WARN_EMPTY_BODY = YES;
				CLANG_WARN_ENUM_CONVERSION = YES;
				CLANG_WARN_INFINITE_RECURSION = YES;
				CLANG_WARN_INT_CONVERSION = YES;
				CLANG_WARN_NON_LITERAL_NULL_CONVERSION = YES;
				CLANG_WARN_OBJC_LITERAL_CONVERSION = YES;
				CLANG_WARN_OBJC_ROOT_CLASS = YES_ERROR;
				CLANG_WARN_RANGE_LOOP_ANALYSIS = YES;
				CLANG_WARN_STRICT_PROTOTYPES = YES;
				CLANG_WARN_SUSPICIOUS_MOVE = YES;
				CLANG_WARN_UNREACHABLE_CODE = YES;
				CLANG_WARN__DUPLICATE_METHOD_MATCH = YES;
				CODE_SIGN_IDENTITY = "-";
				COPY_PHASE_STRIP = NO;
				DEBUG_INFORMATION_FORMAT = "dwarf-with-dsym";
				ENABLE_NS_ASSERTIONS = NO;
				ENABLE_STRICT_OBJC_MSGSEND = YES;
				GCC_C_LANGUAGE_STANDARD = gnu99;
				GCC_NO_COMMON_BLOCKS = YES;
				GCC_WARN_64_TO_32_BIT_CONVERSION = YES;
				GCC_WARN_ABOUT_RETURN_TYPE = YES_ERROR;
				GCC_WARN_UNDECLARED_SELECTOR = YES;
				GCC_WARN_UNINITIALIZED_AUTOS = YES_AGGRESSIVE;
				GCC_WARN_UNUSED_FUNCTION = YES;
				GCC_WARN_UNUSED_VARIABLE = YES;
				MACOSX_DEPLOYMENT_TARGET = 10.12;
				MTL_ENABLE_DEBUG_INFO = NO;
				SDKROOT = macosx;
				SWIFT_OPTIMIZATION_LEVEL = "-Owholemodule";
			};
			name = Release;
		};
		D397344D1EB1E6D400DAAC8A /* Debug */ = {
			isa = XCBuildConfiguration;
			buildSettings = {
				ASSETCATALOG_COMPILER_APPICON_NAME = AppIcon;
				CODE_SIGN_IDENTITY = "Mac Developer";
				COMBINE_HIDPI_IMAGES = YES;
				DEVELOPMENT_TEAM = EM47M4JQ9E;
				FRAMEWORK_SEARCH_PATHS = (
					"$(inherited)",
					"$(PROJECT_DIR)/Carthage/Build/Mac",
				);
				INFOPLIST_FILE = "Bachelor Project Mac/Info.plist";
				LD_RUNPATH_SEARCH_PATHS = "$(inherited) @executable_path/../Frameworks";
				PRODUCT_BUNDLE_IDENTIFIER = "de.bennokress.Bachelor-Project-Mac";
				PRODUCT_NAME = "$(TARGET_NAME)";
				PROVISIONING_PROFILE_SPECIFIER = "";
				SWIFT_SWIFT3_OBJC_INFERENCE = Off;
				SWIFT_VERSION = 4.0;
			};
			name = Debug;
		};
		D397344E1EB1E6D400DAAC8A /* Release */ = {
			isa = XCBuildConfiguration;
			buildSettings = {
				ASSETCATALOG_COMPILER_APPICON_NAME = AppIcon;
				CODE_SIGN_IDENTITY = "Mac Developer";
				COMBINE_HIDPI_IMAGES = YES;
				DEVELOPMENT_TEAM = EM47M4JQ9E;
				FRAMEWORK_SEARCH_PATHS = (
					"$(inherited)",
					"$(PROJECT_DIR)/Carthage/Build/Mac",
				);
				INFOPLIST_FILE = "Bachelor Project Mac/Info.plist";
				LD_RUNPATH_SEARCH_PATHS = "$(inherited) @executable_path/../Frameworks";
				PRODUCT_BUNDLE_IDENTIFIER = "de.bennokress.Bachelor-Project-Mac";
				PRODUCT_NAME = "$(TARGET_NAME)";
				PROVISIONING_PROFILE_SPECIFIER = "";
				SWIFT_SWIFT3_OBJC_INFERENCE = Off;
				SWIFT_VERSION = 4.0;
			};
			name = Release;
		};
		D39734501EB1E6D400DAAC8A /* Debug */ = {
			isa = XCBuildConfiguration;
			buildSettings = {
				ALWAYS_EMBED_SWIFT_STANDARD_LIBRARIES = YES;
				BUNDLE_LOADER = "$(TEST_HOST)";
				COMBINE_HIDPI_IMAGES = YES;
				DEVELOPMENT_TEAM = EM47M4JQ9E;
				INFOPLIST_FILE = "Bachelor Project MacTests/Info.plist";
				LD_RUNPATH_SEARCH_PATHS = "$(inherited) @executable_path/../Frameworks @loader_path/../Frameworks";
				PRODUCT_BUNDLE_IDENTIFIER = "de.it-economics.Bachelor-Project-MacTests";
				PRODUCT_NAME = "$(TARGET_NAME)";
				SWIFT_SWIFT3_OBJC_INFERENCE = Off;
				SWIFT_VERSION = 4.0;
				TEST_HOST = "$(BUILT_PRODUCTS_DIR)/Bachelor Project Mac.app/Contents/MacOS/Bachelor Project Mac";
			};
			name = Debug;
		};
		D39734511EB1E6D400DAAC8A /* Release */ = {
			isa = XCBuildConfiguration;
			buildSettings = {
				ALWAYS_EMBED_SWIFT_STANDARD_LIBRARIES = YES;
				BUNDLE_LOADER = "$(TEST_HOST)";
				COMBINE_HIDPI_IMAGES = YES;
				DEVELOPMENT_TEAM = EM47M4JQ9E;
				INFOPLIST_FILE = "Bachelor Project MacTests/Info.plist";
				LD_RUNPATH_SEARCH_PATHS = "$(inherited) @executable_path/../Frameworks @loader_path/../Frameworks";
				PRODUCT_BUNDLE_IDENTIFIER = "de.it-economics.Bachelor-Project-MacTests";
				PRODUCT_NAME = "$(TARGET_NAME)";
				SWIFT_SWIFT3_OBJC_INFERENCE = Off;
				SWIFT_VERSION = 4.0;
				TEST_HOST = "$(BUILT_PRODUCTS_DIR)/Bachelor Project Mac.app/Contents/MacOS/Bachelor Project Mac";
			};
			name = Release;
		};
		D39734531EB1E6D400DAAC8A /* Debug */ = {
			isa = XCBuildConfiguration;
			buildSettings = {
				ALWAYS_EMBED_SWIFT_STANDARD_LIBRARIES = YES;
				COMBINE_HIDPI_IMAGES = YES;
				DEVELOPMENT_TEAM = EM47M4JQ9E;
				INFOPLIST_FILE = "Bachelor Project MacUITests/Info.plist";
				LD_RUNPATH_SEARCH_PATHS = "$(inherited) @executable_path/../Frameworks @loader_path/../Frameworks";
				PRODUCT_BUNDLE_IDENTIFIER = "de.it-economics.Bachelor-Project-MacUITests";
				PRODUCT_NAME = "$(TARGET_NAME)";
				SWIFT_SWIFT3_OBJC_INFERENCE = Off;
				SWIFT_VERSION = 4.0;
				TEST_TARGET_NAME = "Bachelor Project Mac";
			};
			name = Debug;
		};
		D39734541EB1E6D400DAAC8A /* Release */ = {
			isa = XCBuildConfiguration;
			buildSettings = {
				ALWAYS_EMBED_SWIFT_STANDARD_LIBRARIES = YES;
				COMBINE_HIDPI_IMAGES = YES;
				DEVELOPMENT_TEAM = EM47M4JQ9E;
				INFOPLIST_FILE = "Bachelor Project MacUITests/Info.plist";
				LD_RUNPATH_SEARCH_PATHS = "$(inherited) @executable_path/../Frameworks @loader_path/../Frameworks";
				PRODUCT_BUNDLE_IDENTIFIER = "de.it-economics.Bachelor-Project-MacUITests";
				PRODUCT_NAME = "$(TARGET_NAME)";
				SWIFT_SWIFT3_OBJC_INFERENCE = Off;
				SWIFT_VERSION = 4.0;
				TEST_TARGET_NAME = "Bachelor Project Mac";
			};
			name = Release;
		};
/* End XCBuildConfiguration section */

/* Begin XCConfigurationList section */
		D397341F1EB1E6D300DAAC8A /* Build configuration list for PBXProject "Bachelor Project Mac" */ = {
			isa = XCConfigurationList;
			buildConfigurations = (
				D397344A1EB1E6D400DAAC8A /* Debug */,
				D397344B1EB1E6D400DAAC8A /* Release */,
			);
			defaultConfigurationIsVisible = 0;
			defaultConfigurationName = Release;
		};
		D397344C1EB1E6D400DAAC8A /* Build configuration list for PBXNativeTarget "Bachelor Project Mac" */ = {
			isa = XCConfigurationList;
			buildConfigurations = (
				D397344D1EB1E6D400DAAC8A /* Debug */,
				D397344E1EB1E6D400DAAC8A /* Release */,
			);
			defaultConfigurationIsVisible = 0;
			defaultConfigurationName = Release;
		};
		D397344F1EB1E6D400DAAC8A /* Build configuration list for PBXNativeTarget "Bachelor Project MacTests" */ = {
			isa = XCConfigurationList;
			buildConfigurations = (
				D39734501EB1E6D400DAAC8A /* Debug */,
				D39734511EB1E6D400DAAC8A /* Release */,
			);
			defaultConfigurationIsVisible = 0;
			defaultConfigurationName = Release;
		};
		D39734521EB1E6D400DAAC8A /* Build configuration list for PBXNativeTarget "Bachelor Project MacUITests" */ = {
			isa = XCConfigurationList;
			buildConfigurations = (
				D39734531EB1E6D400DAAC8A /* Debug */,
				D39734541EB1E6D400DAAC8A /* Release */,
			);
			defaultConfigurationIsVisible = 0;
			defaultConfigurationName = Release;
		};
/* End XCConfigurationList section */

/* Begin XCVersionGroup section */
		D397342B1EB1E6D300DAAC8A /* Bachelor_Project_Mac.xcdatamodeld */ = {
			isa = XCVersionGroup;
			children = (
				D397342C1EB1E6D300DAAC8A /* Bachelor_Project_Mac.xcdatamodel */,
			);
			currentVersion = D397342C1EB1E6D300DAAC8A /* Bachelor_Project_Mac.xcdatamodel */;
			path = Bachelor_Project_Mac.xcdatamodeld;
			sourceTree = "<group>";
			versionGroupType = wrapper.xcdatamodel;
		};
/* End XCVersionGroup section */
	};
	rootObject = D397341C1EB1E6D300DAAC8A /* Project object */;
}
